
Microsoft Visual Studio Solution File, Format Version 12.00
# Visual Studio Version 16
VisualStudioVersion = 16.0.31624.102
MinimumVisualStudioVersion = 10.0.40219.1
Project("{FAE04EC0-301F-11D3-BF4B-00C04F79EFBC}") = "YouTubeParser", "YouTubeParser.csproj", "{9736291F-87C5-469D-B316-C85F58DE4D3C}"
EndProject
Global
	GlobalSection(SolutionConfigurationPlatforms) = preSolution
		Debug|Any CPU = Debug|Any CPU
		Release|Any CPU = Release|Any CPU
	EndGlobalSection
	GlobalSection(ProjectConfigurationPlatforms) = postSolution
		{9736291F-87C5-469D-B316-C85F58DE4D3C}.Debug|Any CPU.ActiveCfg = Debug|Any CPU
		{9736291F-87C5-469D-B316-C85F58DE4D3C}.Debug|Any CPU.Build.0 = Debug|Any CPU
		{9736291F-87C5-469D-B316-C85F58DE4D3C}.Release|Any CPU.ActiveCfg = Release|Any CPU
		{9736291F-87C5-469D-B316-C85F58DE4D3C}.Release|Any CPU.Build.0 = Release|Any CPU
	EndGlobalSection
	GlobalSection(SolutionProperties) = preSolution
		HideSolutionNode = FALSE
	EndGlobalSection
	GlobalSection(ExtensibilityGlobals) = postSolution
		SolutionGuid = {23DFA461-23B7-46E2-94D8-345C9D3FB470}
	EndGlobalSection
EndGlobal
